Microsoft Visual Studio Solution File, Format Version 12.00
# Visual Studio Version 17
VisualStudioVersion = 17.5.2.0
MinimumVisualStudioVersion = 10.0.40219.1
Project("{FAE04EC0-301F-11D3-BF4B-00C04F79EFBC}") = "workkeeperApi", "workkeeperApi\workkeeperApi.csproj", "{B70E04DD-D988-FA86-528F-B779BC3D2A28}"
EndProject
Global
	GlobalSection(SolutionConfigurationPlatforms) = preSolution
		Debug|Any CPU = Debug|Any CPU
		Release|Any CPU = Release|Any CPU
	EndGlobalSection
	GlobalSection(ProjectConfigurationPlatforms) = postSolution
		{B70E04DD-D988-FA86-528F-B779BC3D2A28}.Debug|Any CPU.ActiveCfg = Debug|Any CPU
		{B70E04DD-D988-FA86-528F-B779BC3D2A28}.Debug|Any CPU.Build.0 = Debug|Any CPU
		{B70E04DD-D988-FA86-528F-B779BC3D2A28}.Release|Any CPU.ActiveCfg = Release|Any CPU
		{B70E04DD-D988-FA86-528F-B779BC3D2A28}.Release|Any CPU.Build.0 = Release|Any CPU
	EndGlobalSection
	GlobalSection(SolutionProperties) = preSolution
		HideSolutionNode = FALSE
	EndGlobalSection
	GlobalSection(ExtensibilityGlobals) = postSolution
		SolutionGuid = {36FC042C-96E3-4621-A6C0-DA6BA571795D}
	EndGlobalSection
EndGlobal
